
Microsoft Visual Studio Solution File, Format Version 12.00
# Visual Studio 15
VisualStudioVersion = 15.0.27703.2026
MinimumVisualStudioVersion = 10.0.40219.1
Project("{FAE04EC0-301F-11D3-BF4B-00C04F79EFBC}") = "Navigacija", "Navigacija\Navigacija.csproj", "{85BC8212-30E6-4370-9836-6E7E46A7114B}"
EndProject
Global
	GlobalSection(SolutionConfigurationPlatforms) = preSolution
		Debug|ARM = Debug|ARM
		Debug|x64 = Debug|x64
		Debug|x86 = Debug|x86
		Release|ARM = Release|ARM
		Release|x64 = Release|x64
		Release|x86 = Release|x86
	EndGlobalSection
	GlobalSection(ProjectConfigurationPlatforms) = postSolution
		{85BC8212-30E6-4370-9836-6E7E46A7114B}.Debug|ARM.ActiveCfg = Debug|ARM
		{85BC8212-30E6-4370-9836-6E7E46A7114B}.Debug|ARM.Build.0 = Debug|ARM
		{85BC8212-30E6-4370-9836-6E7E46A7114B}.Debug|ARM.Deploy.0 = Debug|ARM
		{85BC8212-30E6-4370-9836-6E7E46A7114B}.Debug|x64.ActiveCfg = Debug|x64
		{85BC8212-30E6-4370-9836-6E7E46A7114B}.Debug|x64.Build.0 = Debug|x64
		{85BC8212-30E6-4370-9836-6E7E46A7114B}.Debug|x64.Deploy.0 = Debug|x64
		{85BC8212-30E6-4370-9836-6E7E46A7114B}.Debug|x86.ActiveCfg = Debug|x86
		{85BC8212-30E6-4370-9836-6E7E46A7114B}.Debug|x86.Build.0 = Debug|x86
		{85BC8212-30E6-4370-9836-6E7E46A7114B}.Debug|x86.Deploy.0 = Debug|x86
		{85BC8212-30E6-4370-9836-6E7E46A7114B}.Release|ARM.ActiveCfg = Release|ARM
		{85BC8212-30E6-4370-9836-6E7E46A7114B}.Release|ARM.Build.0 = Release|ARM
		{85BC8212-30E6-4370-9836-6E7E46A7114B}.Release|ARM.Deploy.0 = Release|ARM
		{85BC8212-30E6-4370-9836-6E7E46A7114B}.Release|x64.ActiveCfg = Release|x64
		{85BC8212-30E6-4370-9836-6E7E46A7114B}.Release|x64.Build.0 = Release|x64
		{85BC8212-30E6-4370-9836-6E7E46A7114B}.Release|x64.Deploy.0 = Release|x64
		{85BC8212-30E6-4370-9836-6E7E46A7114B}.Release|x86.ActiveCfg = Release|x86
		{85BC8212-30E6-4370-9836-6E7E46A7114B}.Release|x86.Build.0 = Release|x86
		{85BC8212-30E6-4370-9836-6E7E46A7114B}.Release|x86.Deploy.0 = Release|x86
	EndGlobalSection
	GlobalSection(SolutionProperties) = preSolution
		HideSolutionNode = FALSE
	EndGlobalSection
	GlobalSection(ExtensibilityGlobals) = postSolution
		SolutionGuid = {5185DBD0-A557-4A9E-9E73-ABF055EA7719}
	EndGlobalSection
EndGlobal
